
Microsoft Visual Studio Solution File, Format Version 12.00
# Visual Studio Version 17
VisualStudioVersion = 17.3.32901.215
MinimumVisualStudioVersion = 10.0.40219.1
Project("{9A19103F-16F7-4668-BE54-9A1E7A4F7556}") = "Jenkinswebapp", "Jenkinswebapp.csproj", "{D25E09A5-DA0A-43CC-AE19-235E2DF18452}"
EndProject
Project("{FAE04EC0-301F-11D3-BF4B-00C04F79EFBC}") = "TestProject1", "..\TestProject1\TestProject1.csproj", "{894ECB04-8A24-4B3C-90BF-FE03238FD812}"
EndProject
Global
	GlobalSection(SolutionConfigurationPlatforms) = preSolution
		Debug|Any CPU = Debug|Any CPU
		Release|Any CPU = Release|Any CPU
	EndGlobalSection
	GlobalSection(ProjectConfigurationPlatforms) = postSolution
		{D25E09A5-DA0A-43CC-AE19-235E2DF18452}.Debug|Any CPU.ActiveCfg = Debug|Any CPU
		{D25E09A5-DA0A-43CC-AE19-235E2DF18452}.Debug|Any CPU.Build.0 = Debug|Any CPU
		{D25E09A5-DA0A-43CC-AE19-235E2DF18452}.Release|Any CPU.ActiveCfg = Release|Any CPU
		{D25E09A5-DA0A-43CC-AE19-235E2DF18452}.Release|Any CPU.Build.0 = Release|Any CPU
		{894ECB04-8A24-4B3C-90BF-FE03238FD812}.Debug|Any CPU.ActiveCfg = Debug|Any CPU
		{894ECB04-8A24-4B3C-90BF-FE03238FD812}.Debug|Any CPU.Build.0 = Debug|Any CPU
		{894ECB04-8A24-4B3C-90BF-FE03238FD812}.Release|Any CPU.ActiveCfg = Release|Any CPU
		{894ECB04-8A24-4B3C-90BF-FE03238FD812}.Release|Any CPU.Build.0 = Release|Any CPU
	EndGlobalSection
	GlobalSection(SolutionProperties) = preSolution
		HideSolutionNode = FALSE
	EndGlobalSection
	GlobalSection(ExtensibilityGlobals) = postSolution
		SolutionGuid = {48134010-7FB6-4FEA-B13C-BC6174E76C09}
	EndGlobalSection
EndGlobal
